// !$*UTF8*$!
{
	archiveVersion = 1;
	classes = {
	};
	objectVersion = 46;
	objects = {

/* Begin PBXBuildFile section */
		379629D71AB8467900395959 /* DataService.m in Sources */ = {isa = PBXBuildFile; fileRef = 379629D61AB8467900395959 /* DataService.m */; };
		37D4F4401AB6EE0C006F70BD /* orangeButton.png in Resources */ = {isa = PBXBuildFile; fileRef = 37D4F43E1AB6EE0C006F70BD /* orangeButton.png */; };
		37D4F4411AB6EE0C006F70BD /* orangeButtonHighlight.png in Resources */ = {isa = PBXBuildFile; fileRef = 37D4F43F1AB6EE0C006F70BD /* orangeButtonHighlight.png */; };
		37D4F4471AB6EE9A006F70BD /* Itinerary.m in Sources */ = {isa = PBXBuildFile; fileRef = 37D4F4461AB6EE9A006F70BD /* Itinerary.m */; };
		37D4F44C1AB6EEB8006F70BD /* ResultsViewController.m in Sources */ = {isa = PBXBuildFile; fileRef = 37D4F4491AB6EEB8006F70BD /* ResultsViewController.m */; };
		37D4F44D1AB6EEB8006F70BD /* SearchViewController.m in Sources */ = {isa = PBXBuildFile; fileRef = 37D4F44B1AB6EEB8006F70BD /* SearchViewController.m */; };
		37D4F4501AB6EF0E006F70BD /* AsyncImageView.m in Sources */ = {isa = PBXBuildFile; fileRef = 37D4F44F1AB6EF0E006F70BD /* AsyncImageView.m */; };
		37D4F45D1AB6F187006F70BD /* LaunchScreen.xib in Resources */ = {isa = PBXBuildFile; fileRef = 37D4F45B1AB6F187006F70BD /* LaunchScreen.xib */; };
		37D4F45E1AB6F187006F70BD /* Main.storyboard in Resources */ = {isa = PBXBuildFile; fileRef = 37D4F45C1AB6F187006F70BD /* Main.storyboard */; };
		37D4F4611AB6FB50006F70BD /* CustomDateTimePicker.m in Sources */ = {isa = PBXBuildFile; fileRef = 37D4F4601AB6FB50006F70BD /* CustomDateTimePicker.m */; };
		E358AFEF1AB68B9C0021C845 /* main.m in Sources */ = {isa = PBXBuildFile; fileRef = E358AFEE1AB68B9C0021C845 /* main.m */; };
		E358AFF21AB68B9C0021C845 /* AppDelegate.m in Sources */ = {isa = PBXBuildFile; fileRef = E358AFF11AB68B9C0021C845 /* AppDelegate.m */; };
		E358AFFA1AB68B9C0021C845 /* Images.xcassets in Resources */ = {isa = PBXBuildFile; fileRef = E358AFF91AB68B9C0021C845 /* Images.xcassets */; };
		E358B0091AB68B9C0021C845 /* NintexFlightSearchTests.m in Sources */ = {isa = PBXBuildFile; fileRef = E358B0081AB68B9C0021C845 /* NintexFlightSearchTests.m */; };
		E3D0F1AE1AB786280061828A /* TableCellView.xib in Resources */ = {isa = PBXBuildFile; fileRef = E3D0F1AD1AB786280061828A /* TableCellView.xib */; };
		E3D0F1B01AB786950061828A /* NoImage.png in Resources */ = {isa = PBXBuildFile; fileRef = E3D0F1AF1AB786950061828A /* NoImage.png */; };
/* End PBXBuildFile section */

/* Begin PBXContainerItemProxy section */
		E358B0031AB68B9C0021C845 /* PBXContainerItemProxy */ = {
			isa = PBXContainerItemProxy;
			containerPortal = E358AFE11AB68B9C0021C845 /* Project object */;
			proxyType = 1;
			remoteGlobalIDString = E358AFE81AB68B9C0021C845;
			remoteInfo = NintexFlightSearch;
		};
/* End PBXContainerItemProxy section */

/* Begin PBXFileReference section */
		379629D51AB8467900395959 /* DataService.h */ = {isa = PBXFileReference; fileEncoding = 4; lastKnownFileType = sourcecode.c.h; name = DataService.h; path = Model/DataService.h; sourceTree = "<group>"; };
		379629D61AB8467900395959 /* DataService.m */ = {isa = PBXFileReference; fileEncoding = 4; lastKnownFileType = sourcecode.c.objc; name = DataService.m; path = Model/DataService.m; sourceTree = "<group>"; };
		37D4F43E1AB6EE0C006F70BD /* orangeButton.png */ = {isa = PBXFileReference; lastKnownFileType = image.png; name = orangeButton.png; path = Resources/orangeButton.png; sourceTree = "<group>"; };
		37D4F43F1AB6EE0C006F70BD /* orangeButtonHighlight.png */ = {isa = PBXFileReference; lastKnownFileType = image.png; name = orangeButtonHighlight.png; path = Resources/orangeButtonHighlight.png; sourceTree = "<group>"; };
		37D4F4451AB6EE9A006F70BD /* Itinerary.h */ = {isa = PBXFileReference; fileEncoding = 4; lastKnownFileType = sourcecode.c.h; name = Itinerary.h; path = Model/Itinerary.h; sourceTree = "<group>"; };
		37D4F4461AB6EE9A006F70BD /* Itinerary.m */ = {isa = PBXFileReference; fileEncoding = 4; lastKnownFileType = sourcecode.c.objc; name = Itinerary.m; path = Model/Itinerary.m; sourceTree = "<group>"; };
		37D4F4481AB6EEB8006F70BD /* ResultsViewController.h */ = {isa = PBXFileReference; fileEncoding = 4; lastKnownFileType = sourcecode.c.h; name = ResultsViewController.h; path = Controllers/ResultsViewController.h; sourceTree = "<group>"; };
		37D4F4491AB6EEB8006F70BD /* ResultsViewController.m */ = {isa = PBXFileReference; fileEncoding = 4; lastKnownFileType = sourcecode.c.objc; name = ResultsViewController.m; path = Controllers/ResultsViewController.m; sourceTree = "<group>"; };
		37D4F44A1AB6EEB8006F70BD /* SearchViewController.h */ = {isa = PBXFileReference; fileEncoding = 4; lastKnownFileType = sourcecode.c.h; name = SearchViewController.h; path = Controllers/SearchViewController.h; sourceTree = "<group>"; };
		37D4F44B1AB6EEB8006F70BD /* SearchViewController.m */ = {isa = PBXFileReference; fileEncoding = 4; lastKnownFileType = sourcecode.c.objc; name = SearchViewController.m; path = Controllers/SearchViewController.m; sourceTree = "<group>"; };
		37D4F44E1AB6EF0E006F70BD /* AsyncImageView.h */ = {isa = PBXFileReference; fileEncoding = 4; lastKnownFileType = sourcecode.c.h; name = AsyncImageView.h; path = Views/AsyncImageView.h; sourceTree = "<group>"; };
		37D4F44F1AB6EF0E006F70BD /* AsyncImageView.m */ = {isa = PBXFileReference; fileEncoding = 4; lastKnownFileType = sourcecode.c.objc; name = AsyncImageView.m; path = Views/AsyncImageView.m; sourceTree = "<group>"; };
		37D4F45B1AB6F187006F70BD /* LaunchScreen.xib */ = {isa = PBXFileReference; fileEncoding = 4; lastKnownFileType = file.xib; name = LaunchScreen.xib; path = Views/LaunchScreen.xib; sourceTree = "<group>"; };
		37D4F45C1AB6F187006F70BD /* Main.storyboard */ = {isa = PBXFileReference; fileEncoding = 4; lastKnownFileType = file.storyboard; name = Main.storyboard; path = Views/Main.storyboard; sourceTree = "<group>"; };
		37D4F45F1AB6FB50006F70BD /* CustomDateTimePicker.h */ = {isa = PBXFileReference; fileEncoding = 4; lastKnownFileType = sourcecode.c.h; name = CustomDateTimePicker.h; path = Views/CustomDateTimePicker.h; sourceTree = "<group>"; };
		37D4F4601AB6FB50006F70BD /* CustomDateTimePicker.m */ = {isa = PBXFileReference; fileEncoding = 4; lastKnownFileType = sourcecode.c.objc; name = CustomDateTimePicker.m; path = Views/CustomDateTimePicker.m; sourceTree = "<group>"; };
		E358AFE91AB68B9C0021C845 /* NintexFlightSearch.app */ = {isa = PBXFileReference; explicitFileType = wrapper.application; includeInIndex = 0; path = NintexFlightSearch.app; sourceTree = BUILT_PRODUCTS_DIR; };
		E358AFED1AB68B9C0021C845 /* Info.plist */ = {isa = PBXFileReference; lastKnownFileType = text.plist.xml; path = Info.plist; sourceTree = "<group>"; };
		E358AFEE1AB68B9C0021C845 /* main.m */ = {isa = PBXFileReference; lastKnownFileType = sourcecode.c.objc; path = main.m; sourceTree = "<group>"; };
		E358AFF01AB68B9C0021C845 /* AppDelegate.h */ = {isa = PBXFileReference; lastKnownFileType = sourcecode.c.h; path = AppDelegate.h; sourceTree = "<group>"; };
		E358AFF11AB68B9C0021C845 /* AppDelegate.m */ = {isa = PBXFileReference; lastKnownFileType = sourcecode.c.objc; path = AppDelegate.m; sourceTree = "<group>"; };
		E358AFF91AB68B9C0021C845 /* Images.xcassets */ = {isa = PBXFileReference; lastKnownFileType = folder.assetcatalog; path = Images.xcassets; sourceTree = "<group>"; };
		E358B0021AB68B9C0021C845 /* NintexFlightSearchTests.xctest */ = {isa = PBXFileReference; explicitFileType = wrapper.cfbundle; includeInIndex = 0; path = NintexFlightSearchTests.xctest; sourceTree = BUILT_PRODUCTS_DIR; };
		E358B0071AB68B9C0021C845 /* Info.plist */ = {isa = PBXFileReference; lastKnownFileType = text.plist.xml; path = Info.plist; sourceTree = "<group>"; };
		E358B0081AB68B9C0021C845 /* NintexFlightSearchTests.m */ = {isa = PBXFileReference; lastKnownFileType = sourcecode.c.objc; path = NintexFlightSearchTests.m; sourceTree = "<group>"; };
		E3D0F1AD1AB786280061828A /* TableCellView.xib */ = {isa = PBXFileReference; fileEncoding = 4; lastKnownFileType = file.xib; name = TableCellView.xib; path = Views/TableCellView.xib; sourceTree = "<group>"; };
		E3D0F1AF1AB786950061828A /* NoImage.png */ = {isa = PBXFileReference; lastKnownFileType = image.png; name = NoImage.png; path = Resources/NoImage.png; sourceTree = "<group>"; };
/* End PBXFileReference section */

/* Begin PBXFrameworksBuildPhase section */
		E358AFE61AB68B9C0021C845 /* Frameworks */ = {
			isa = PBXFrameworksBuildPhase;
			buildActionMask = 2147483647;
			files = (
			);
			runOnlyForDeploymentPostprocessing = 0;
		};
		E358AFFF1AB68B9C0021C845 /* Frameworks */ = {
			isa = PBXFrameworksBuildPhase;
			buildActionMask = 2147483647;
			files = (
			);
			runOnlyForDeploymentPostprocessing = 0;
		};
/* End PBXFrameworksBuildPhase section */

/* Begin PBXGroup section */
		37D4F43D1AB6EDFB006F70BD /* Resources */ = {
			isa = PBXGroup;
			children = (
				E3D0F1AF1AB786950061828A /* NoImage.png */,
				37D4F43E1AB6EE0C006F70BD /* orangeButton.png */,
				37D4F43F1AB6EE0C006F70BD /* orangeButtonHighlight.png */,
			);
			name = Resources;
			sourceTree = "<group>";
		};
		37D4F4421AB6EE1E006F70BD /* Views */ = {
			isa = PBXGroup;
			children = (
				37D4F44E1AB6EF0E006F70BD /* AsyncImageView.h */,
				37D4F44F1AB6EF0E006F70BD /* AsyncImageView.m */,
				37D4F45F1AB6FB50006F70BD /* CustomDateTimePicker.h */,
				37D4F4601AB6FB50006F70BD /* CustomDateTimePicker.m */,
				37D4F45B1AB6F187006F70BD /* LaunchScreen.xib */,
				37D4F45C1AB6F187006F70BD /* Main.storyboard */,
				E3D0F1AD1AB786280061828A /* TableCellView.xib */,
			);
			name = Views;
			sourceTree = "<group>";
		};
		37D4F4431AB6EE36006F70BD /* Controllers */ = {
			isa = PBXGroup;
			children = (
				37D4F4481AB6EEB8006F70BD /* ResultsViewController.h */,
				37D4F4491AB6EEB8006F70BD /* ResultsViewController.m */,
				37D4F44A1AB6EEB8006F70BD /* SearchViewController.h */,
				37D4F44B1AB6EEB8006F70BD /* SearchViewController.m */,
			);
			name = Controllers;
			sourceTree = "<group>";
		};
		37D4F4441AB6EE44006F70BD /* Model */ = {
			isa = PBXGroup;
			children = (
				379629D51AB8467900395959 /* DataService.h */,
				379629D61AB8467900395959 /* DataService.m */,
				37D4F4451AB6EE9A006F70BD /* Itinerary.h */,
				37D4F4461AB6EE9A006F70BD /* Itinerary.m */,
			);
			name = Model;
			sourceTree = "<group>";
		};
		E358AFE01AB68B9C0021C845 = {
			isa = PBXGroup;
			children = (
				E358AFEB1AB68B9C0021C845 /* NintexFlightSearch */,
				E358B0051AB68B9C0021C845 /* NintexFlightSearchTests */,
				E358AFEA1AB68B9C0021C845 /* Products */,
			);
			sourceTree = "<group>";
		};
		E358AFEA1AB68B9C0021C845 /* Products */ = {
			isa = PBXGroup;
			children = (
				E358AFE91AB68B9C0021C845 /* NintexFlightSearch.app */,
				E358B0021AB68B9C0021C845 /* NintexFlightSearchTests.xctest */,
			);
			name = Products;
			sourceTree = "<group>";
		};
		E358AFEB1AB68B9C0021C845 /* NintexFlightSearch */ = {
			isa = PBXGroup;
			children = (
				E358AFF01AB68B9C0021C845 /* AppDelegate.h */,
				E358AFF11AB68B9C0021C845 /* AppDelegate.m */,
				37D4F4441AB6EE44006F70BD /* Model */,
				37D4F4421AB6EE1E006F70BD /* Views */,
				37D4F4431AB6EE36006F70BD /* Controllers */,
				E358AFF91AB68B9C0021C845 /* Images.xcassets */,
				37D4F43D1AB6EDFB006F70BD /* Resources */,
				E358AFEC1AB68B9C0021C845 /* Supporting Files */,
			);
			path = NintexFlightSearch;
			sourceTree = "<group>";
		};
		E358AFEC1AB68B9C0021C845 /* Supporting Files */ = {
			isa = PBXGroup;
			children = (
				E358AFED1AB68B9C0021C845 /* Info.plist */,
				E358AFEE1AB68B9C0021C845 /* main.m */,
			);
			name = "Supporting Files";
			sourceTree = "<group>";
		};
		E358B0051AB68B9C0021C845 /* NintexFlightSearchTests */ = {
			isa = PBXGroup;
			children = (
				E358B0081AB68B9C0021C845 /* NintexFlightSearchTests.m */,
				E358B0061AB68B9C0021C845 /* Supporting Files */,
			);
			path = NintexFlightSearchTests;
			sourceTree = "<group>";
		};
		E358B0061AB68B9C0021C845 /* Supporting Files */ = {
			isa = PBXGroup;
			children = (
				E358B0071AB68B9C0021C845 /* Info.plist */,
			);
			name = "Supporting Files";
			sourceTree = "<group>";
		};
/* End PBXGroup section */

/* Begin PBXNativeTarget section */
		E358AFE81AB68B9C0021C845 /* NintexFlightSearch */ = {
			isa = PBXNativeTarget;
			buildConfigurationList = E358B00C1AB68B9C0021C845 /* Build configuration list for PBXNativeTarget "NintexFlightSearch" */;
			buildPhases = (
				E358AFE51AB68B9C0021C845 /* Sources */,
				E358AFE61AB68B9C0021C845 /* Frameworks */,
				E358AFE71AB68B9C0021C845 /* Resources */,
			);
			buildRules = (
			);
			dependencies = (
			);
			name = NintexFlightSearch;
			productName = NintexFlightSearch;
			productReference = E358AFE91AB68B9C0021C845 /* NintexFlightSearch.app */;
			productType = "com.apple.product-type.application";
		};
		E358B0011AB68B9C0021C845 /* NintexFlightSearchTests */ = {
			isa = PBXNativeTarget;
			buildConfigurationList = E358B00F1AB68B9C0021C845 /* Build configuration list for PBXNativeTarget "NintexFlightSearchTests" */;
			buildPhases = (
				E358AFFE1AB68B9C0021C845 /* Sources */,
				E358AFFF1AB68B9C0021C845 /* Frameworks */,
				E358B0001AB68B9C0021C845 /* Resources */,
			);
			buildRules = (
			);
			dependencies = (
				E358B0041AB68B9C0021C845 /* PBXTargetDependency */,
			);
			name = NintexFlightSearchTests;
			productName = NintexFlightSearchTests;
			productReference = E358B0021AB68B9C0021C845 /* NintexFlightSearchTests.xctest */;
			productType = "com.apple.product-type.bundle.unit-test";
		};
/* End PBXNativeTarget section */

/* Begin PBXProject section */
		E358AFE11AB68B9C0021C845 /* Project object */ = {
			isa = PBXProject;
			attributes = {
				LastUpgradeCheck = 0610;
				ORGANIZATIONNAME = "Thong Vu";
				TargetAttributes = {
					E358AFE81AB68B9C0021C845 = {
						CreatedOnToolsVersion = 6.1;
					};
					E358B0011AB68B9C0021C845 = {
						CreatedOnToolsVersion = 6.1;
						TestTargetID = E358AFE81AB68B9C0021C845;
					};
				};
			};
			buildConfigurationList = E358AFE41AB68B9C0021C845 /* Build configuration list for PBXProject "NintexFlightSearch" */;
			compatibilityVersion = "Xcode 3.2";
			developmentRegion = English;
			hasScannedForEncodings = 0;
			knownRegions = (
				en,
				Base,
			);
			mainGroup = E358AFE01AB68B9C0021C845;
			productRefGroup = E358AFEA1AB68B9C0021C845 /* Products */;
			projectDirPath = "";
			projectRoot = "";
			targets = (
				E358AFE81AB68B9C0021C845 /* NintexFlightSearch */,
				E358B0011AB68B9C0021C845 /* NintexFlightSearchTests */,
			);
		};
/* End PBXProject section */

/* Begin PBXResourcesBuildPhase section */
		E358AFE71AB68B9C0021C845 /* Resources */ = {
			isa = PBXResourcesBuildPhase;
			buildActionMask = 2147483647;
			files = (
				37D4F45D1AB6F187006F70BD /* LaunchScreen.xib in Resources */,
				37D4F45E1AB6F187006F70BD /* Main.storyboard in Resources */,
				E358AFFA1AB68B9C0021C845 /* Images.xcassets in Resources */,
				37D4F4401AB6EE0C006F70BD /* orangeButton.png in Resources */,
				37D4F4411AB6EE0C006F70BD /* orangeButtonHighlight.png in Resources */,
				E3D0F1AE1AB786280061828A /* TableCellView.xib in Resources */,
				E3D0F1B01AB786950061828A /* NoImage.png in Resources */,
			);
			runOnlyForDeploymentPostprocessing = 0;
		};
		E358B0001AB68B9C0021C845 /* Resources */ = {
			isa = PBXResourcesBuildPhase;
			buildActionMask = 2147483647;
			files = (
			);
			runOnlyForDeploymentPostprocessing = 0;
		};
/* End PBXResourcesBuildPhase section */

/* Begin PBXSourcesBuildPhase section */
		E358AFE51AB68B9C0021C845 /* Sources */ = {
			isa = PBXSourcesBuildPhase;
			buildActionMask = 2147483647;
			files = (
				E358AFF21AB68B9C0021C845 /* AppDelegate.m in Sources */,
				37D4F4611AB6FB50006F70BD /* CustomDateTimePicker.m in Sources */,
				37D4F4501AB6EF0E006F70BD /* AsyncImageView.m in Sources */,
				379629D71AB8467900395959 /* DataService.m in Sources */,
				37D4F4471AB6EE9A006F70BD /* Itinerary.m in Sources */,
				E358AFEF1AB68B9C0021C845 /* main.m in Sources */,
				37D4F44D1AB6EEB8006F70BD /* SearchViewController.m in Sources */,
				37D4F44C1AB6EEB8006F70BD /* ResultsViewController.m in Sources */,
			);
			runOnlyForDeploymentPostprocessing = 0;
		};
		E358AFFE1AB68B9C0021C845 /* Sources */ = {
			isa = PBXSourcesBuildPhase;
			buildActionMask = 2147483647;
			files = (
				E358B0091AB68B9C0021C845 /* NintexFlightSearchTests.m in Sources */,
			);
			runOnlyForDeploymentPostprocessing = 0;
		};
/* End PBXSourcesBuildPhase section */

/* Begin PBXTargetDependency section */
		E358B0041AB68B9C0021C845 /* PBXTargetDependency */ = {
			isa = PBXTargetDependency;
			target = E358AFE81AB68B9C0021C845 /* NintexFlightSearch */;
			targetProxy = E358B0031AB68B9C0021C845 /* PBXContainerItemProxy */;
		};
/* End PBXTargetDependency section */

/* Begin XCBuildConfiguration section */
		E358B00A1AB68B9C0021C845 /* Debug */ = {
			isa = XCBuildConfiguration;
			buildSettings = {
				ALWAYS_SEARCH_USER_PATHS = NO;
				CLANG_CXX_LANGUAGE_STANDARD = "gnu++0x";
				CLANG_CXX_LIBRARY = "libc++";
				CLANG_ENABLE_MODULES = YES;
				CLANG_ENABLE_OBJC_ARC = YES;
				CLANG_WARN_BOOL_CONVERSION = YES;
				CLANG_WARN_CONSTANT_CONVERSION = YES;
				CLANG_WARN_DIRECT_OBJC_ISA_USAGE = YES_ERROR;
				CLANG_WARN_EMPTY_BODY = YES;
				CLANG_WARN_ENUM_CONVERSION = YES;
				CLANG_WARN_INT_CONVERSION = YES;
				CLANG_WARN_OBJC_ROOT_CLASS = YES_ERROR;
				CLANG_WARN_UNREACHABLE_CODE = YES;
				CLANG_WARN__DUPLICATE_METHOD_MATCH = YES;
				"CODE_SIGN_IDENTITY[sdk=iphoneos*]" = "iPhone Developer";
				COPY_PHASE_STRIP = NO;
				ENABLE_STRICT_OBJC_MSGSEND = YES;
				GCC_C_LANGUAGE_STANDARD = gnu99;
				GCC_DYNAMIC_NO_PIC = NO;
				GCC_OPTIMIZATION_LEVEL = 0;
				GCC_PREPROCESSOR_DEFINITIONS = (
					"DEBUG=1",
					"$(inherited)",
				);
				GCC_SYMBOLS_PRIVATE_EXTERN = NO;
				GCC_WARN_64_TO_32_BIT_CONVERSION = YES;
				GCC_WARN_ABOUT_RETURN_TYPE = YES_ERROR;
				GCC_WARN_UNDECLARED_SELECTOR = YES;
				GCC_WARN_UNINITIALIZED_AUTOS = YES_AGGRESSIVE;
				GCC_WARN_UNUSED_FUNCTION = YES;
				GCC_WARN_UNUSED_VARIABLE = YES;
				IPHONEOS_DEPLOYMENT_TARGET = 8.1;
				MTL_ENABLE_DEBUG_INFO = YES;
				ONLY_ACTIVE_ARCH = YES;
				SDKROOT = iphoneos;
			};
			name = Debug;
		};
		E358B00B1AB68B9C0021C845 /* Release */ = {
			isa = XCBuildConfiguration;
			buildSettings = {
				ALWAYS_SEARCH_USER_PATHS = NO;
				CLANG_CXX_LANGUAGE_STANDARD = "gnu++0x";
				CLANG_CXX_LIBRARY = "libc++";
				CLANG_ENABLE_MODULES = YES;
				CLANG_ENABLE_OBJC_ARC = YES;
				CLANG_WARN_BOOL_CONVERSION = YES;
				CLANG_WARN_CONSTANT_CONVERSION = YES;
				CLANG_WARN_DIRECT_OBJC_ISA_USAGE = YES_ERROR;
				CLANG_WARN_EMPTY_BODY = YES;
				CLANG_WARN_ENUM_CONVERSION = YES;
				CLANG_WARN_INT_CONVERSION = YES;
				CLANG_WARN_OBJC_ROOT_CLASS = YES_ERROR;
				CLANG_WARN_UNREACHABLE_CODE = YES;
				CLANG_WARN__DUPLICATE_METHOD_MATCH = YES;
				"CODE_SIGN_IDENTITY[sdk=iphoneos*]" = "iPhone Developer";
				COPY_PHASE_STRIP = YES;
				ENABLE_NS_ASSERTIONS = NO;
				ENABLE_STRICT_OBJC_MSGSEND = YES;
				GCC_C_LANGUAGE_STANDARD = gnu99;
				GCC_WARN_64_TO_32_BIT_CONVERSION = YES;
				GCC_WARN_ABOUT_RETURN_TYPE = YES_ERROR;
				GCC_WARN_UNDECLARED_SELECTOR = YES;
				GCC_WARN_UNINITIALIZED_AUTOS = YES_AGGRESSIVE;
				GCC_WARN_UNUSED_FUNCTION = YES;
				GCC_WARN_UNUSED_VARIABLE = YES;
				IPHONEOS_DEPLOYMENT_TARGET = 8.1;
				MTL_ENABLE_DEBUG_INFO = NO;
				SDKROOT = iphoneos;
				VALIDATE_PRODUCT = YES;
			};
			name = Release;
		};
		E358B00D1AB68B9C0021C845 /* Debug */ = {
			isa = XCBuildConfiguration;
			buildSettings = {
				ASSETCATALOG_COMPILER_APPICON_NAME = AppIcon;
				ASSETCATALOG_COMPILER_LAUNCHIMAGE_NAME = LaunchImage;
				INFOPLIST_FILE = NintexFlightSearch/Info.plist;
				IPHONEOS_DEPLOYMENT_TARGET = 6.0;
				LD_RUNPATH_SEARCH_PATHS = "$(inherited) @executable_path/Frameworks";
				PRODUCT_NAME = "$(TARGET_NAME)";
			};
			name = Debug;
		};
		E358B00E1AB68B9C0021C845 /* Release */ = {
			isa = XCBuildConfiguration;
			buildSettings = {
				ASSETCATALOG_COMPILER_APPICON_NAME = AppIcon;
				ASSETCATALOG_COMPILER_LAUNCHIMAGE_NAME = LaunchImage;
				INFOPLIST_FILE = NintexFlightSearch/Info.plist;
				IPHONEOS_DEPLOYMENT_TARGET = 6.0;
				LD_RUNPATH_SEARCH_PATHS = "$(inherited) @executable_path/Frameworks";
				PRODUCT_NAME = "$(TARGET_NAME)";
			};
			name = Release;
		};
		E358B0101AB68B9C0021C845 /* Debug */ = {
			isa = XCBuildConfiguration;
			buildSettings = {
				BUNDLE_LOADER = "$(TEST_HOST)";
				FRAMEWORK_SEARCH_PATHS = (
					"$(SDKROOT)/Developer/Library/Frameworks",
					"$(inherited)",
				);
				GCC_PREPROCESSOR_DEFINITIONS = (
					"DEBUG=1",
					"$(inherited)",
				);
				INFOPLIST_FILE = NintexFlightSearchTests/Info.plist;
				LD_RUNPATH_SEARCH_PATHS = "$(inherited) @executable_path/Frameworks @loader_path/Frameworks";
				PRODUCT_NAME = "$(TARGET_NAME)";
				TEST_HOST = "$(BUILT_PRODUCTS_DIR)/NintexFlightSearch.app/NintexFlightSearch";
			};
			name = Debug;
		};
		E358B0111AB68B9C0021C845 /* Release */ = {
			isa = XCBuildConfiguration;
			buildSettings = {
				BUNDLE_LOADER = "$(TEST_HOST)";
				FRAMEWORK_SEARCH_PATHS = (
					"$(SDKROOT)/Developer/Library/Frameworks",
					"$(inherited)",
				);
				INFOPLIST_FILE = NintexFlightSearchTests/Info.plist;
				LD_RUNPATH_SEARCH_PATHS = "$(inherited) @executable_path/Frameworks @loader_path/Frameworks";
				PRODUCT_NAME = "$(TARGET_NAME)";
				TEST_HOST = "$(BUILT_PRODUCTS_DIR)/NintexFlightSearch.app/NintexFlightSearch";
			};
			name = Release;
		};
/* End XCBuildConfiguration section */

/* Begin XCConfigurationList section */
		E358AFE41AB68B9C0021C845 /* Build configuration list for PBXProject "NintexFlightSearch" */ = {
			isa = XCConfigurationList;
			buildConfigurations = (
				E358B00A1AB68B9C0021C845 /* Debug */,
				E358B00B1AB68B9C0021C845 /* Release */,
			);
			defaultConfigurationIsVisible = 0;
			defaultConfigurationName = Release;
		};
		E358B00C1AB68B9C0021C845 /* Build configuration list for PBXNativeTarget "NintexFlightSearch" */ = {
			isa = XCConfigurationList;
			buildConfigurations = (
				E358B00D1AB68B9C0021C845 /* Debug */,
				E358B00E1AB68B9C0021C845 /* Release */,
			);
			defaultConfigurationIsVisible = 0;
			defaultConfigurationName = Release;
		};
		E358B00F1AB68B9C0021C845 /* Build configuration list for PBXNativeTarget "NintexFlightSearchTests" */ = {
			isa = XCConfigurationList;
			buildConfigurations = (
				E358B0101AB68B9C0021C845 /* Debug */,
				E358B0111AB68B9C0021C845 /* Release */,
			);
			defaultConfigurationIsVisible = 0;
			defaultConfigurationName = Release;
		};
/* End XCConfigurationList section */
	};
	rootObject = E358AFE11AB68B9C0021C845 /* Project object */;
}
